{
  "lockfileVersion": 1,
  "workspaces": {
    "": {
      "name": "openclaw-foundation",
      "devDependencies": {
        "typescript": "^5.9.2",
      },
    },
    "plugins/safe-echo": {
      "name": "@openclaw-foundation/safe-echo",
      "version": "0.1.0",
    },
  },
  "packages": {
    "@openclaw-foundation/safe-echo": ["@openclaw-foundation/safe-echo@workspace:plugins/safe-echo"],

    "typescript": ["typescript@5.9.3", "", { "bin": { "tsc": "bin/tsc", "tsserver": "bin/tsserver" } }, "sha512-jl1vZzPDinLr9eUt3J/t7V6FgNEw9QjvBPdysz9KfQDD41fQrC2Y4vKQdiaUpFT4bXlb1RHhLpp8wtm6M5TgSw=="],
  }
}
